
Microsoft Visual Studio Solution File, Format Version 12.00
# Visual Studio 15
VisualStudioVersion = 15.0.27130.2036
MinimumVisualStudioVersion = 10.0.40219.1
Project("{FAE04EC0-301F-11D3-BF4B-00C04F79EFBC}") = "MyLibraryProject", "MyLibraryProject\MyLibraryProject.csproj", "{C335B87D-43BE-4474-A72D-D53E1C6594EB}"
EndProject
Project("{FAE04EC0-301F-11D3-BF4B-00C04F79EFBC}") = "MyLibraryProject.Tests", "MyLibraryProject.Tests\MyLibraryProject.Tests.csproj", "{943AAA86-28B5-47A3-8ACD-DD39C7EFBF9B}"
EndProject
Project("{FAE04EC0-301F-11D3-BF4B-00C04F79EFBC}") = "ConsoleApp1", "ConsoleApp1\ConsoleApp1.csproj", "{66A7E0A4-D030-4854-9A42-B4EA26FDEBB7}"
EndProject
Global
	GlobalSection(SolutionConfigurationPlatforms) = preSolution
		Debug|Any CPU = Debug|Any CPU
		Release|Any CPU = Release|Any CPU
	EndGlobalSection
	GlobalSection(ProjectConfigurationPlatforms) = postSolution
		{C335B87D-43BE-4474-A72D-D53E1C6594EB}.Debug|Any CPU.ActiveCfg = Debug|Any CPU
		{C335B87D-43BE-4474-A72D-D53E1C6594EB}.Debug|Any CPU.Build.0 = Debug|Any CPU
		{C335B87D-43BE-4474-A72D-D53E1C6594EB}.Release|Any CPU.ActiveCfg = Release|Any CPU
		{C335B87D-43BE-4474-A72D-D53E1C6594EB}.Release|Any CPU.Build.0 = Release|Any CPU
		{943AAA86-28B5-47A3-8ACD-DD39C7EFBF9B}.Debug|Any CPU.ActiveCfg = Debug|Any CPU
		{943AAA86-28B5-47A3-8ACD-DD39C7EFBF9B}.Debug|Any CPU.Build.0 = Debug|Any CPU
		{943AAA86-28B5-47A3-8ACD-DD39C7EFBF9B}.Release|Any CPU.ActiveCfg = Release|Any CPU
		{943AAA86-28B5-47A3-8ACD-DD39C7EFBF9B}.Release|Any CPU.Build.0 = Release|Any CPU
		{66A7E0A4-D030-4854-9A42-B4EA26FDEBB7}.Debug|Any CPU.ActiveCfg = Debug|Any CPU
		{66A7E0A4-D030-4854-9A42-B4EA26FDEBB7}.Debug|Any CPU.Build.0 = Debug|Any CPU
		{66A7E0A4-D030-4854-9A42-B4EA26FDEBB7}.Release|Any CPU.ActiveCfg = Release|Any CPU
		{66A7E0A4-D030-4854-9A42-B4EA26FDEBB7}.Release|Any CPU.Build.0 = Release|Any CPU
	EndGlobalSection
	GlobalSection(SolutionProperties) = preSolution
		HideSolutionNode = FALSE
	EndGlobalSection
	GlobalSection(ExtensibilityGlobals) = postSolution
		SolutionGuid = {3B2315F7-9EDA-45F7-9734-EA047312256A}
	EndGlobalSection
EndGlobal
